{
  "originHash" : "6654c4f97a084f1f553ac7fcfe478388bb487da0d9691bc9f4f577818f541b72",
  "pins" : [
    {
      "identity" : "example-package-figlet",
      "kind" : "remoteSourceControl",
      "location" : "https://github.com/apple/example-package-figlet",
      "state" : {
        "branch" : "main",
        "revision" : "166eef46de0b094d6d1966e749f727d6c4beba0e"
      }
    },
    {
      "identity" : "swift-argument-parser",
      "kind" : "remoteSourceControl",
      "location" : "https://github.com/apple/swift-argument-parser",
      "state" : {
        "revision" : "011f0c765fb46d9cac61bca19be0527e99c98c8b",
        "version" : "1.5.1"
      }
    }
  ],
  "version" : 3
}
