{
  "originHash" : "b8a9f2b1b708ff8898ee328d22ea1a8d004ec4b42040d685dea28d5787087e44",
  "pins" : [
    {
      "identity" : "example-package-figlet",
      "kind" : "remoteSourceControl",
      "location" : "https://github.com/apple/example-package-figlet",
      "state" : {
        "branch" : "main",
        "revision" : "166eef46de0b094d6d1966e749f727d6c4beba0e"
      }
    },
    {
      "identity" : "swift-argument-parser",
      "kind" : "remoteSourceControl",
      "location" : "https://github.com/apple/swift-argument-parser",
      "state" : {
        "revision" : "626b5b7b2f45e1b0b1c6f4a309296d1d21d7311b",
        "version" : "1.7.1"
      }
    }
  ],
  "version" : 3
}
