{
  "originHash" : "0ea1eaee0ac9d2168e89f6fe67163b72d4e41fc76b5475a6438fc333c9757946",
  "pins" : [
    {
      "identity" : "swift-http-types",
      "kind" : "remoteSourceControl",
      "location" : "https://github.com/apple/swift-http-types",
      "state" : {
        "revision" : "45eb0224913ea070ec4fba17291b9e7ecf4749ca",
        "version" : "1.5.1"
      }
    },
    {
      "identity" : "swift-openapi-runtime",
      "kind" : "remoteSourceControl",
      "location" : "https://github.com/apple/swift-openapi-runtime",
      "state" : {
        "revision" : "f039fa6d6338aab5164f3d1be16281524c9a8f89",
        "version" : "1.11.0"
      }
    }
  ],
  "version" : 3
}
