{
  "originHash" : "d6bd6204956e04524ca7e6eb416572fc5881c5f7e36c9e2d372680e8f4e89238",
  "pins" : [
    {
      "identity" : "swiftlogging",
      "kind" : "remoteSourceControl",
      "location" : "https://github.com/RoolProductions/SwiftLogging",
      "state" : {
        "revision" : "d22b24f7af692452d0136780b040c84f034cc12d",
        "version" : "1.0.0"
      }
    }
  ],
  "version" : 3
}
