{
  "originHash" : "1bae1dd1484b24034e7c5d7ea1638a453844a4b17816a7e556b4b34bbc9a557a",
  "pins" : [
    {
      "identity" : "swiftsoup",
      "kind" : "remoteSourceControl",
      "location" : "https://github.com/scinfu/SwiftSoup",
      "state" : {
        "revision" : "dba183c96b2da4e4b80bb31b1e2e59cb9542b8fc",
        "version" : "2.13.1"
      }
    }
  ],
  "version" : 3
}
