{
  "originHash" : "e20a5ddaf65175e8646785c16e7ed8e0086cb550cf3d27d765e4190702983acf",
  "pins" : [
    {
      "identity" : "swiftsoup",
      "kind" : "remoteSourceControl",
      "location" : "https://github.com/scinfu/SwiftSoup",
      "state" : {
        "revision" : "fd541c4b3fa7dcec2e7cfe049505b6e4382cd66b",
        "version" : "2.13.2"
      }
    }
  ],
  "version" : 3
}
