{
  "originHash" : "b788035f746680b5e32ae01f259390a628002594ee3f9a85d020835b9b42b8c2",
  "pins" : [
    {
      "identity" : "swiftlogging",
      "kind" : "remoteSourceControl",
      "location" : "https://github.com/RoolProductions/SwiftLogging",
      "state" : {
        "revision" : "d22b24f7af692452d0136780b040c84f034cc12d",
        "version" : "1.0.0"
      }
    }
  ],
  "version" : 3
}
